// !$*UTF8*$!
{
	archiveVersion = 1;
	classes = {
	};
	objectVersion = 46;
	objects = {

/* Begin PBXBuildFile section */
		25D196161B3A876900EDD774 /* main.m in Sources */ = {isa = PBXBuildFile; fileRef = 25D196151B3A876900EDD774 /* main.m */; };
		25D196191B3A876900EDD774 /* AppDelegate.m in Sources */ = {isa = PBXBuildFile; fileRef = 25D196181B3A876900EDD774 /* AppDelegate.m */; };
		25D1961C1B3A876900EDD774 /* ViewController.m in Sources */ = {isa = PBXBuildFile; fileRef = 25D1961B1B3A876900EDD774 /* ViewController.m */; };
		25D1961F1B3A876900EDD774 /* Main.storyboard in Resources */ = {isa = PBXBuildFile; fileRef = 25D1961D1B3A876900EDD774 /* Main.storyboard */; };
		25D196211B3A876900EDD774 /* Images.xcassets in Resources */ = {isa = PBXBuildFile; fileRef = 25D196201B3A876900EDD774 /* Images.xcassets */; };
		25D196241B3A876900EDD774 /* LaunchScreen.xib in Resources */ = {isa = PBXBuildFile; fileRef = 25D196221B3A876900EDD774 /* LaunchScreen.xib */; };
		25D196301B3A876900EDD774 /* PhotoSendTests.m in Sources */ = {isa = PBXBuildFile; fileRef = 25D1962F1B3A876900EDD774 /* PhotoSendTests.m */; };
		25D1963B1B3A8BB500EDD774 /* PhotoGet.m in Sources */ = {isa = PBXBuildFile; fileRef = 25D1963A1B3A8BB500EDD774 /* PhotoGet.m */; };
		77AD2871A5BCFCBB1BA3D540 /* libPods.a in Frameworks */ = {isa = PBXBuildFile; fileRef = 67A54114D088B6B57225F89E /* libPods.a */; };
/* End PBXBuildFile section */

/* Begin PBXContainerItemProxy section */
		25D1962A1B3A876900EDD774 /* PBXContainerItemProxy */ = {
			isa = PBXContainerItemProxy;
			containerPortal = 25D196081B3A876900EDD774 /* Project object */;
			proxyType = 1;
			remoteGlobalIDString = 25D1960F1B3A876900EDD774;
			remoteInfo = PhotoSend;
		};
/* End PBXContainerItemProxy section */

/* Begin PBXFileReference section */
		25D196101B3A876900EDD774 /* PhotoSend.app */ = {isa = PBXFileReference; explicitFileType = wrapper.application; includeInIndex = 0; path = PhotoSend.app; sourceTree = BUILT_PRODUCTS_DIR; };
		25D196141B3A876900EDD774 /* Info.plist */ = {isa = PBXFileReference; lastKnownFileType = text.plist.xml; path = Info.plist; sourceTree = "<group>"; };
		25D196151B3A876900EDD774 /* main.m */ = {isa = PBXFileReference; lastKnownFileType = sourcecode.c.objc; path = main.m; sourceTree = "<group>"; };
		25D196171B3A876900EDD774 /* AppDelegate.h */ = {isa = PBXFileReference; lastKnownFileType = sourcecode.c.h; path = AppDelegate.h; sourceTree = "<group>"; };
		25D196181B3A876900EDD774 /* AppDelegate.m */ = {isa = PBXFileReference; lastKnownFileType = sourcecode.c.objc; path = AppDelegate.m; sourceTree = "<group>"; };
		25D1961A1B3A876900EDD774 /* ViewController.h */ = {isa = PBXFileReference; lastKnownFileType = sourcecode.c.h; path = ViewController.h; sourceTree = "<group>"; };
		25D1961B1B3A876900EDD774 /* ViewController.m */ = {isa = PBXFileReference; lastKnownFileType = sourcecode.c.objc; path = ViewController.m; sourceTree = "<group>"; };
		25D1961E1B3A876900EDD774 /* Base */ = {isa = PBXFileReference; lastKnownFileType = file.storyboard; name = Base; path = Base.lproj/Main.storyboard; sourceTree = "<group>"; };
		25D196201B3A876900EDD774 /* Images.xcassets */ = {isa = PBXFileReference; lastKnownFileType = folder.assetcatalog; path = Images.xcassets; sourceTree = "<group>"; };
		25D196231B3A876900EDD774 /* Base */ = {isa = PBXFileReference; lastKnownFileType = file.xib; name = Base; path = Base.lproj/LaunchScreen.xib; sourceTree = "<group>"; };
		25D196291B3A876900EDD774 /* PhotoSendTests.xctest */ = {isa = PBXFileReference; explicitFileType = wrapper.cfbundle; includeInIndex = 0; path = PhotoSendTests.xctest; sourceTree = BUILT_PRODUCTS_DIR; };
		25D1962E1B3A876900EDD774 /* Info.plist */ = {isa = PBXFileReference; lastKnownFileType = text.plist.xml; path = Info.plist; sourceTree = "<group>"; };
		25D1962F1B3A876900EDD774 /* PhotoSendTests.m */ = {isa = PBXFileReference; lastKnownFileType = sourcecode.c.objc; path = PhotoSendTests.m; sourceTree = "<group>"; };
		25D196391B3A8BB500EDD774 /* PhotoGet.h */ = {isa = PBXFileReference; fileEncoding = 4; lastKnownFileType = sourcecode.c.h; path = PhotoGet.h; sourceTree = "<group>"; };
		25D1963A1B3A8BB500EDD774 /* PhotoGet.m */ = {isa = PBXFileReference; fileEncoding = 4; lastKnownFileType = sourcecode.c.objc; path = PhotoGet.m; sourceTree = "<group>"; };
		67A54114D088B6B57225F89E /* libPods.a */ = {isa = PBXFileReference; explicitFileType = archive.ar; includeInIndex = 0; path = libPods.a; sourceTree = BUILT_PRODUCTS_DIR; };
		AD00275795D65D3CE3439823 /* Pods.release.xcconfig */ = {isa = PBXFileReference; includeInIndex = 1; lastKnownFileType = text.xcconfig; name = Pods.release.xcconfig; path = "Pods/Target Support Files/Pods/Pods.release.xcconfig"; sourceTree = "<group>"; };
		ECD7CA3B4D547778317701EF /* Pods.debug.xcconfig */ = {isa = PBXFileReference; includeInIndex = 1; lastKnownFileType = text.xcconfig; name = Pods.debug.xcconfig; path = "Pods/Target Support Files/Pods/Pods.debug.xcconfig"; sourceTree = "<group>"; };
/* End PBXFileReference section */

/* Begin PBXFrameworksBuildPhase section */
		25D1960D1B3A876900EDD774 /* Frameworks */ = {
			isa = PBXFrameworksBuildPhase;
			buildActionMask = 2147483647;
			files = (
				77AD2871A5BCFCBB1BA3D540 /* libPods.a in Frameworks */,
			);
			runOnlyForDeploymentPostprocessing = 0;
		};
		25D196261B3A876900EDD774 /* Frameworks */ = {
			isa = PBXFrameworksBuildPhase;
			buildActionMask = 2147483647;
			files = (
			);
			runOnlyForDeploymentPostprocessing = 0;
		};
/* End PBXFrameworksBuildPhase section */

/* Begin PBXGroup section */
		25D196071B3A876900EDD774 = {
			isa = PBXGroup;
			children = (
				25D196121B3A876900EDD774 /* PhotoSend */,
				25D1962C1B3A876900EDD774 /* PhotoSendTests */,
				25D196111B3A876900EDD774 /* Products */,
				9024C54B9532F72DEBDADCF7 /* Pods */,
				6B7CBFF89A7220F3BB25C977 /* Frameworks */,
			);
			sourceTree = "<group>";
		};
		25D196111B3A876900EDD774 /* Products */ = {
			isa = PBXGroup;
			children = (
				25D196101B3A876900EDD774 /* PhotoSend.app */,
				25D196291B3A876900EDD774 /* PhotoSendTests.xctest */,
			);
			name = Products;
			sourceTree = "<group>";
		};
		25D196121B3A876900EDD774 /* PhotoSend */ = {
			isa = PBXGroup;
			children = (
				25D196171B3A876900EDD774 /* AppDelegate.h */,
				25D196181B3A876900EDD774 /* AppDelegate.m */,
				25D1961A1B3A876900EDD774 /* ViewController.h */,
				25D1961B1B3A876900EDD774 /* ViewController.m */,
				25D1961D1B3A876900EDD774 /* Main.storyboard */,
				25D196201B3A876900EDD774 /* Images.xcassets */,
				25D196221B3A876900EDD774 /* LaunchScreen.xib */,
				25D196131B3A876900EDD774 /* Supporting Files */,
				25D196391B3A8BB500EDD774 /* PhotoGet.h */,
				25D1963A1B3A8BB500EDD774 /* PhotoGet.m */,
			);
			path = PhotoSend;
			sourceTree = "<group>";
		};
		25D196131B3A876900EDD774 /* Supporting Files */ = {
			isa = PBXGroup;
			children = (
				25D196141B3A876900EDD774 /* Info.plist */,
				25D196151B3A876900EDD774 /* main.m */,
			);
			name = "Supporting Files";
			sourceTree = "<group>";
		};
		25D1962C1B3A876900EDD774 /* PhotoSendTests */ = {
			isa = PBXGroup;
			children = (
				25D1962F1B3A876900EDD774 /* PhotoSendTests.m */,
				25D1962D1B3A876900EDD774 /* Supporting Files */,
			);
			path = PhotoSendTests;
			sourceTree = "<group>";
		};
		25D1962D1B3A876900EDD774 /* Supporting Files */ = {
			isa = PBXGroup;
			children = (
				25D1962E1B3A876900EDD774 /* Info.plist */,
			);
			name = "Supporting Files";
			sourceTree = "<group>";
		};
		6B7CBFF89A7220F3BB25C977 /* Frameworks */ = {
			isa = PBXGroup;
			children = (
				67A54114D088B6B57225F89E /* libPods.a */,
			);
			name = Frameworks;
			sourceTree = "<group>";
		};
		9024C54B9532F72DEBDADCF7 /* Pods */ = {
			isa = PBXGroup;
			children = (
				ECD7CA3B4D547778317701EF /* Pods.debug.xcconfig */,
				AD00275795D65D3CE3439823 /* Pods.release.xcconfig */,
			);
			name = Pods;
			sourceTree = "<group>";
		};
/* End PBXGroup section */

/* Begin PBXNativeTarget section */
		25D1960F1B3A876900EDD774 /* PhotoSend */ = {
			isa = PBXNativeTarget;
			buildConfigurationList = 25D196331B3A876900EDD774 /* Build configuration list for PBXNativeTarget "PhotoSend" */;
			buildPhases = (
				A873465E3B19C66845BB9F7A /* Check Pods Manifest.lock */,
				25D1960C1B3A876900EDD774 /* Sources */,
				25D1960D1B3A876900EDD774 /* Frameworks */,
				25D1960E1B3A876900EDD774 /* Resources */,
				A6A801D77B22BE2ADD2E8157 /* Copy Pods Resources */,
			);
			buildRules = (
			);
			dependencies = (
			);
			name = PhotoSend;
			productName = PhotoSend;
			productReference = 25D196101B3A876900EDD774 /* PhotoSend.app */;
			productType = "com.apple.product-type.application";
		};
		25D196281B3A876900EDD774 /* PhotoSendTests */ = {
			isa = PBXNativeTarget;
			buildConfigurationList = 25D196361B3A876900EDD774 /* Build configuration list for PBXNativeTarget "PhotoSendTests" */;
			buildPhases = (
				25D196251B3A876900EDD774 /* Sources */,
				25D196261B3A876900EDD774 /* Frameworks */,
				25D196271B3A876900EDD774 /* Resources */,
			);
			buildRules = (
			);
			dependencies = (
				25D1962B1B3A876900EDD774 /* PBXTargetDependency */,
			);
			name = PhotoSendTests;
			productName = PhotoSendTests;
			productReference = 25D196291B3A876900EDD774 /* PhotoSendTests.xctest */;
			productType = "com.apple.product-type.bundle.unit-test";
		};
/* End PBXNativeTarget section */

/* Begin PBXProject section */
		25D196081B3A876900EDD774 /* Project object */ = {
			isa = PBXProject;
			attributes = {
				LastUpgradeCheck = 0610;
				ORGANIZATIONNAME = linlizhi;
				TargetAttributes = {
					25D1960F1B3A876900EDD774 = {
						CreatedOnToolsVersion = 6.1.1;
					};
					25D196281B3A876900EDD774 = {
						CreatedOnToolsVersion = 6.1.1;
						TestTargetID = 25D1960F1B3A876900EDD774;
					};
				};
			};
			buildConfigurationList = 25D1960B1B3A876900EDD774 /* Build configuration list for PBXProject "PhotoSend" */;
			compatibilityVersion = "Xcode 3.2";
			developmentRegion = English;
			hasScannedForEncodings = 0;
			knownRegions = (
				en,
				Base,
			);
			mainGroup = 25D196071B3A876900EDD774;
			productRefGroup = 25D196111B3A876900EDD774 /* Products */;
			projectDirPath = "";
			projectRoot = "";
			targets = (
				25D1960F1B3A876900EDD774 /* PhotoSend */,
				25D196281B3A876900EDD774 /* PhotoSendTests */,
			);
		};
/* End PBXProject section */

/* Begin PBXResourcesBuildPhase section */
		25D1960E1B3A876900EDD774 /* Resources */ = {
			isa = PBXResourcesBuildPhase;
			buildActionMask = 2147483647;
			files = (
				25D1961F1B3A876900EDD774 /* Main.storyboard in Resources */,
				25D196241B3A876900EDD774 /* LaunchScreen.xib in Resources */,
				25D196211B3A876900EDD774 /* Images.xcassets in Resources */,
			);
			runOnlyForDeploymentPostprocessing = 0;
		};
		25D196271B3A876900EDD774 /* Resources */ = {
			isa = PBXResourcesBuildPhase;
			buildActionMask = 2147483647;
			files = (
			);
			runOnlyForDeploymentPostprocessing = 0;
		};
/* End PBXResourcesBuildPhase section */

/* Begin PBXShellScriptBuildPhase section */
		A6A801D77B22BE2ADD2E8157 /* Copy Pods Resources */ = {
			isa = PBXShellScriptBuildPhase;
			buildActionMask = 2147483647;
			files = (
			);
			inputPaths = (
			);
			name = "Copy Pods Resources";
			outputPaths = (
			);
			runOnlyForDeploymentPostprocessing = 0;
			shellPath = /bin/sh;
			shellScript = "\"${SRCROOT}/Pods/Target Support Files/Pods/Pods-resources.sh\"\n";
			showEnvVarsInLog = 0;
		};
		A873465E3B19C66845BB9F7A /* Check Pods Manifest.lock */ = {
			isa = PBXShellScriptBuildPhase;
			buildActionMask = 2147483647;
			files = (
			);
			inputPaths = (
			);
			name = "Check Pods Manifest.lock";
			outputPaths = (
			);
			runOnlyForDeploymentPostprocessing = 0;
			shellPath = /bin/sh;
			shellScript = "diff \"${PODS_ROOT}/../Podfile.lock\" \"${PODS_ROOT}/Manifest.lock\" > /dev/null\nif [[ $? != 0 ]] ; then\n    cat << EOM\nerror: The sandbox is not in sync with the Podfile.lock. Run 'pod install' or update your CocoaPods installation.\nEOM\n    exit 1\nfi\n";
			showEnvVarsInLog = 0;
		};
/* End PBXShellScriptBuildPhase section */

/* Begin PBXSourcesBuildPhase section */
		25D1960C1B3A876900EDD774 /* Sources */ = {
			isa = PBXSourcesBuildPhase;
			buildActionMask = 2147483647;
			files = (
				25D1961C1B3A876900EDD774 /* ViewController.m in Sources */,
				25D196191B3A876900EDD774 /* AppDelegate.m in Sources */,
				25D196161B3A876900EDD774 /* main.m in Sources */,
				25D1963B1B3A8BB500EDD774 /* PhotoGet.m in Sources */,
			);
			runOnlyForDeploymentPostprocessing = 0;
		};
		25D196251B3A876900EDD774 /* Sources */ = {
			isa = PBXSourcesBuildPhase;
			buildActionMask = 2147483647;
			files = (
				25D196301B3A876900EDD774 /* PhotoSendTests.m in Sources */,
			);
			runOnlyForDeploymentPostprocessing = 0;
		};
/* End PBXSourcesBuildPhase section */

/* Begin PBXTargetDependency section */
		25D1962B1B3A876900EDD774 /* PBXTargetDependency */ = {
			isa = PBXTargetDependency;
			target = 25D1960F1B3A876900EDD774 /* PhotoSend */;
			targetProxy = 25D1962A1B3A876900EDD774 /* PBXContainerItemProxy */;
		};
/* End PBXTargetDependency section */

/* Begin PBXVariantGroup section */
		25D1961D1B3A876900EDD774 /* Main.storyboard */ = {
			isa = PBXVariantGroup;
			children = (
				25D1961E1B3A876900EDD774 /* Base */,
			);
			name = Main.storyboard;
			sourceTree = "<group>";
		};
		25D196221B3A876900EDD774 /* LaunchScreen.xib */ = {
			isa = PBXVariantGroup;
			children = (
				25D196231B3A876900EDD774 /* Base */,
			);
			name = LaunchScreen.xib;
			sourceTree = "<group>";
		};
/* End PBXVariantGroup section */

/* Begin XCBuildConfiguration section */
		25D196311B3A876900EDD774 /* Debug */ = {
			isa = XCBuildConfiguration;
			buildSettings = {
				ALWAYS_SEARCH_USER_PATHS = NO;
				CLANG_CXX_LANGUAGE_STANDARD = "gnu++0x";
				CLANG_CXX_LIBRARY = "libc++";
				CLANG_ENABLE_MODULES = YES;
				CLANG_ENABLE_OBJC_ARC = YES;
				CLANG_WARN_BOOL_CONVERSION = YES;
				CLANG_WARN_CONSTANT_CONVERSION = YES;
				CLANG_WARN_DIRECT_OBJC_ISA_USAGE = YES_ERROR;
				CLANG_WARN_EMPTY_BODY = YES;
				CLANG_WARN_ENUM_CONVERSION = YES;
				CLANG_WARN_INT_CONVERSION = YES;
				CLANG_WARN_OBJC_ROOT_CLASS = YES_ERROR;
				CLANG_WARN_UNREACHABLE_CODE = YES;
				CLANG_WARN__DUPLICATE_METHOD_MATCH = YES;
				"CODE_SIGN_IDENTITY[sdk=iphoneos*]" = "iPhone Developer";
				COPY_PHASE_STRIP = NO;
				ENABLE_STRICT_OBJC_MSGSEND = YES;
				GCC_C_LANGUAGE_STANDARD = gnu99;
				GCC_DYNAMIC_NO_PIC = NO;
				GCC_OPTIMIZATION_LEVEL = 0;
				GCC_PREPROCESSOR_DEFINITIONS = (
					"DEBUG=1",
					"$(inherited)",
				);
				GCC_SYMBOLS_PRIVATE_EXTERN = NO;
				GCC_WARN_64_TO_32_BIT_CONVERSION = YES;
				GCC_WARN_ABOUT_RETURN_TYPE = YES_ERROR;
				GCC_WARN_UNDECLARED_SELECTOR = YES;
				GCC_WARN_UNINITIALIZED_AUTOS = YES_AGGRESSIVE;
				GCC_WARN_UNUSED_FUNCTION = YES;
				GCC_WARN_UNUSED_VARIABLE = YES;
				IPHONEOS_DEPLOYMENT_TARGET = 8.1;
				MTL_ENABLE_DEBUG_INFO = YES;
				ONLY_ACTIVE_ARCH = YES;
				SDKROOT = iphoneos;
				TARGETED_DEVICE_FAMILY = "1,2";
			};
			name = Debug;
		};
		25D196321B3A876900EDD774 /* Release */ = {
			isa = XCBuildConfiguration;
			buildSettings = {
				ALWAYS_SEARCH_USER_PATHS = NO;
				CLANG_CXX_LANGUAGE_STANDARD = "gnu++0x";
				CLANG_CXX_LIBRARY = "libc++";
				CLANG_ENABLE_MODULES = YES;
				CLANG_ENABLE_OBJC_ARC = YES;
				CLANG_WARN_BOOL_CONVERSION = YES;
				CLANG_WARN_CONSTANT_CONVERSION = YES;
				CLANG_WARN_DIRECT_OBJC_ISA_USAGE = YES_ERROR;
				CLANG_WARN_EMPTY_BODY = YES;
				CLANG_WARN_ENUM_CONVERSION = YES;
				CLANG_WARN_INT_CONVERSION = YES;
				CLANG_WARN_OBJC_ROOT_CLASS = YES_ERROR;
				CLANG_WARN_UNREACHABLE_CODE = YES;
				CLANG_WARN__DUPLICATE_METHOD_MATCH = YES;
				"CODE_SIGN_IDENTITY[sdk=iphoneos*]" = "iPhone Developer";
				COPY_PHASE_STRIP = YES;
				ENABLE_NS_ASSERTIONS = NO;
				ENABLE_STRICT_OBJC_MSGSEND = YES;
				GCC_C_LANGUAGE_STANDARD = gnu99;
				GCC_WARN_64_TO_32_BIT_CONVERSION = YES;
				GCC_WARN_ABOUT_RETURN_TYPE = YES_ERROR;
				GCC_WARN_UNDECLARED_SELECTOR = YES;
				GCC_WARN_UNINITIALIZED_AUTOS = YES_AGGRESSIVE;
				GCC_WARN_UNUSED_FUNCTION = YES;
				GCC_WARN_UNUSED_VARIABLE = YES;
				IPHONEOS_DEPLOYMENT_TARGET = 8.1;
				MTL_ENABLE_DEBUG_INFO = NO;
				SDKROOT = iphoneos;
				TARGETED_DEVICE_FAMILY = "1,2";
				VALIDATE_PRODUCT = YES;
			};
			name = Release;
		};
		25D196341B3A876900EDD774 /* Debug */ = {
			isa = XCBuildConfiguration;
			baseConfigurationReference = ECD7CA3B4D547778317701EF /* Pods.debug.xcconfig */;
			buildSettings = {
				ASSETCATALOG_COMPILER_APPICON_NAME = AppIcon;
				INFOPLIST_FILE = PhotoSend/Info.plist;
				IPHONEOS_DEPLOYMENT_TARGET = 7.0;
				LD_RUNPATH_SEARCH_PATHS = "$(inherited) @executable_path/Frameworks";
				PRODUCT_NAME = "$(TARGET_NAME)";
			};
			name = Debug;
		};
		25D196351B3A876900EDD774 /* Release */ = {
			isa = XCBuildConfiguration;
			baseConfigurationReference = AD00275795D65D3CE3439823 /* Pods.release.xcconfig */;
			buildSettings = {
				ASSETCATALOG_COMPILER_APPICON_NAME = AppIcon;
				INFOPLIST_FILE = PhotoSend/Info.plist;
				IPHONEOS_DEPLOYMENT_TARGET = 7.0;
				LD_RUNPATH_SEARCH_PATHS = "$(inherited) @executable_path/Frameworks";
				PRODUCT_NAME = "$(TARGET_NAME)";
			};
			name = Release;
		};
		25D196371B3A876900EDD774 /* Debug */ = {
			isa = XCBuildConfiguration;
			buildSettings = {
				BUNDLE_LOADER = "$(TEST_HOST)";
				FRAMEWORK_SEARCH_PATHS = (
					"$(SDKROOT)/Developer/Library/Frameworks",
					"$(inherited)",
				);
				GCC_PREPROCESSOR_DEFINITIONS = (
					"DEBUG=1",
					"$(inherited)",
				);
				INFOPLIST_FILE = PhotoSendTests/Info.plist;
				LD_RUNPATH_SEARCH_PATHS = "$(inherited) @executable_path/Frameworks @loader_path/Frameworks";
				PRODUCT_NAME = "$(TARGET_NAME)";
				TEST_HOST = "$(BUILT_PRODUCTS_DIR)/PhotoSend.app/PhotoSend";
			};
			name = Debug;
		};
		25D196381B3A876900EDD774 /* Release */ = {
			isa = XCBuildConfiguration;
			buildSettings = {
				BUNDLE_LOADER = "$(TEST_HOST)";
				FRAMEWORK_SEARCH_PATHS = (
					"$(SDKROOT)/Developer/Library/Frameworks",
					"$(inherited)",
				);
				INFOPLIST_FILE = PhotoSendTests/Info.plist;
				LD_RUNPATH_SEARCH_PATHS = "$(inherited) @executable_path/Frameworks @loader_path/Frameworks";
				PRODUCT_NAME = "$(TARGET_NAME)";
				TEST_HOST = "$(BUILT_PRODUCTS_DIR)/PhotoSend.app/PhotoSend";
			};
			name = Release;
		};
/* End XCBuildConfiguration section */

/* Begin XCConfigurationList section */
		25D1960B1B3A876900EDD774 /* Build configuration list for PBXProject "PhotoSend" */ = {
			isa = XCConfigurationList;
			buildConfigurations = (
				25D196311B3A876900EDD774 /* Debug */,
				25D196321B3A876900EDD774 /* Release */,
			);
			defaultConfigurationIsVisible = 0;
			defaultConfigurationName = Release;
		};
		25D196331B3A876900EDD774 /* Build configuration list for PBXNativeTarget "PhotoSend" */ = {
			isa = XCConfigurationList;
			buildConfigurations = (
				25D196341B3A876900EDD774 /* Debug */,
				25D196351B3A876900EDD774 /* Release */,
			);
			defaultConfigurationIsVisible = 0;
			defaultConfigurationName = Release;
		};
		25D196361B3A876900EDD774 /* Build configuration list for PBXNativeTarget "PhotoSendTests" */ = {
			isa = XCConfigurationList;
			buildConfigurations = (
				25D196371B3A876900EDD774 /* Debug */,
				25D196381B3A876900EDD774 /* Release */,
			);
			defaultConfigurationIsVisible = 0;
			defaultConfigurationName = Release;
		};
/* End XCConfigurationList section */
	};
	rootObject = 25D196081B3A876900EDD774 /* Project object */;
}
